
Microsoft Visual Studio Solution File, Format Version 12.00
# Visual Studio 14
VisualStudioVersion = 14.0.24720.0
MinimumVisualStudioVersion = 10.0.40219.1
Project("{888888A0-9F3D-457C-B088-3A5042F75D52}") = "GGJ16Flask", "GGJ16Flask\GGJ16Flask.pyproj", "{7FD25E60-46F7-4963-BBB0-EBB2338923BD}"
EndProject
Global
	GlobalSection(SolutionConfigurationPlatforms) = preSolution
		Debug|Any CPU = Debug|Any CPU
		Release|Any CPU = Release|Any CPU
	EndGlobalSection
	GlobalSection(ProjectConfigurationPlatforms) = postSolution
		{7FD25E60-46F7-4963-BBB0-EBB2338923BD}.Debug|Any CPU.ActiveCfg = Debug|Any CPU
		{7FD25E60-46F7-4963-BBB0-EBB2338923BD}.Debug|Any CPU.Build.0 = Debug|Any CPU
		{7FD25E60-46F7-4963-BBB0-EBB2338923BD}.Release|Any CPU.ActiveCfg = Release|Any CPU
		{7FD25E60-46F7-4963-BBB0-EBB2338923BD}.Release|Any CPU.Build.0 = Release|Any CPU
	EndGlobalSection
	GlobalSection(SolutionProperties) = preSolution
		HideSolutionNode = FALSE
	EndGlobalSection
EndGlobal
